<?xml version="1.0" encoding="utf-8"?>
<Project ToolsVersion="4.0" xmlns="http://schemas.microsoft.com/developer/msbuild/2003">
  <ItemGroup>
    <ClCompile Include="ppm.cpp">
      <Filter>Source</Filter>
    </ClCompile>
    <ClCompile Include="MySdlApplication.cpp">
      <Filter>Source</Filter>
    </ClCompile>
    <ClCompile Include="glsupport.cpp">
      <Filter>Source</Filter>
    </ClCompile>
    <ClCompile Include="WE_Edge.cpp">
      <Filter>Source</Filter>
    </ClCompile>
    <ClCompile Include="WE_Face.cpp">
      <Filter>Source</Filter>
    </ClCompile>
    <ClCompile Include="WE_Vertex.cpp">
      <Filter>Source</Filter>
    </ClCompile>
    <ClCompile Include="RigidBody.cpp">
      <Filter>Source</Filter>
    </ClCompile>
  </ItemGroup>
  <ItemGroup>
    <ClInclude Include="cvec.h">
      <Filter>Headers</Filter>
    </ClInclude>
    <ClInclude Include="geometrymaker.h">
      <Filter>Headers</Filter>
    </ClInclude>
    <ClInclude Include="glsupport.h">
      <Filter>Headers</Filter>
    </ClInclude>
    <ClInclude Include="matrix4.h">
      <Filter>Headers</Filter>
    </ClInclude>
    <ClInclude Include="MySdlApplication.h">
      <Filter>Headers</Filter>
    </ClInclude>
    <ClInclude Include="quat.h">
      <Filter>Headers</Filter>
    </ClInclude>
    <ClInclude Include="rigtform.h">
      <Filter>Headers</Filter>
    </ClInclude>
    <ClInclude Include="WE_Edge.h">
      <Filter>Headers</Filter>
    </ClInclude>
    <ClInclude Include="WE_Face.h">
      <Filter>Headers</Filter>
    </ClInclude>
    <ClInclude Include="WE_Vertex.h">
      <Filter>Headers</Filter>
    </ClInclude>
    <ClInclude Include="RigidBody.h">
      <Filter>Headers</Filter>
    </ClInclude>
  </ItemGroup>
  <ItemGroup>
    <None Include="TODO.txt" />
    <None Include="Shaders\basic-gl2.vshader">
      <Filter>Shaders</Filter>
    </None>
    <None Include="Shaders\cube-gl3.fshader">
      <Filter>Shaders</Filter>
    </None>
    <None Include="Shaders\basic-gl3.vshader">
      <Filter>Shaders</Filter>
    </None>
    <None Include="Shaders\cube-gl2.fshader">
      <Filter>Shaders</Filter>
    </None>
    <None Include="Shaders\flower-gl2.fshader">
      <Filter>Shaders</Filter>
    </None>
    <None Include="Shaders\flower-gl3.fshader">
      <Filter>Shaders</Filter>
    </None>
    <None Include="Shaders\normal-gl2.fshader">
      <Filter>Shaders</Filter>
    </None>
    <None Include="Shaders\normal-gl3.fshader">
      <Filter>Shaders</Filter>
    </None>
    <None Include="Shaders\texture-gl2.fshader">
      <Filter>Shaders</Filter>
    </None>
    <None Include="Shaders\texture-gl3.fshader">
      <Filter>Shaders</Filter>
    </None>
    <None Include="Shaders\anisotropy-gl3.fshader">
      <Filter>Shaders</Filter>
    </None>
    <None Include="Shaders\crater-gl3.fshader">
      <Filter>Shaders</Filter>
    </None>
    <None Include="Shaders\crater-gl2.fshader">
      <Filter>Shaders</Filter>
    </None>
    <None Include="Shaders\shiny-gl2.fshader">
      <Filter>Shaders</Filter>
    </None>
    <None Include="Shaders\shiny-gl3.fshader">
      <Filter>Shaders</Filter>
    </None>
    <None Include="Shaders\diffuse-gl2.fshader">
      <Filter>Shaders</Filter>
    </None>
    <None Include="Shaders\diffuse-gl3.fshader">
      <Filter>Shaders</Filter>
    </None>
    <None Include="Shaders\terrain-gl3.fshader">
      <Filter>Shaders</Filter>
    </None>
    <None Include="Shaders\terrain-gl2.fshader">
      <Filter>Shaders</Filter>
    </None>
    <None Include="Shaders\terrain-gl2.vshader">
      <Filter>Shaders</Filter>
    </None>
    <None Include="Shaders\terrain-gl3.vshader">
      <Filter>Shaders</Filter>
    </None>
  </ItemGroup>
  <ItemGroup>
    <Filter Include="Shaders">
      <UniqueIdentifier>{2c058fff-8965-4f10-ad43-2e3f30f74aca}</UniqueIdentifier>
    </Filter>
    <Filter Include="Source">
      <UniqueIdentifier>{ca59e1e9-82ad-4faf-b569-0b4ffe14cd13}</UniqueIdentifier>
    </Filter>
    <Filter Include="Headers">
      <UniqueIdentifier>{6acc32ca-93cc-4294-a97e-b6c0ed114cd9}</UniqueIdentifier>
    </Filter>
  </ItemGroup>
</Project>